
Microsoft Visual Studio Solution File, Format Version 12.00
# Visual Studio Version 17
VisualStudioVersion = 17.5.33424.131
MinimumVisualStudioVersion = 10.0.40219.1
Project("{FAE04EC0-301F-11D3-BF4B-00C04F79EFBC}") = "Calculator", "Calculator\Calculator.csproj", "{90AC71E5-A2AE-4C53-BFFC-E66D34A074DE}"
EndProject
Project("{FAE04EC0-301F-11D3-BF4B-00C04F79EFBC}") = "Calculatir.Test", "Calculatir.Test\Calculatir.Test.csproj", "{BF07DCB7-C85E-472A-9907-C7C07EBDE5D6}"
EndProject
Project("{FAE04EC0-301F-11D3-BF4B-00C04F79EFBC}") = "UnitTestProject1", "UnitTestProject1\UnitTestProject1.csproj", "{8ABE696D-EDCE-400C-9A0B-1F0FD6EB83D6}"
EndProject
Global
	GlobalSection(SolutionConfigurationPlatforms) = preSolution
		Debug|Any CPU = Debug|Any CPU
		Release|Any CPU = Release|Any CPU
	EndGlobalSection
	GlobalSection(ProjectConfigurationPlatforms) = postSolution
		{90AC71E5-A2AE-4C53-BFFC-E66D34A074DE}.Debug|Any CPU.ActiveCfg = Debug|Any CPU
		{90AC71E5-A2AE-4C53-BFFC-E66D34A074DE}.Debug|Any CPU.Build.0 = Debug|Any CPU
		{90AC71E5-A2AE-4C53-BFFC-E66D34A074DE}.Release|Any CPU.ActiveCfg = Release|Any CPU
		{90AC71E5-A2AE-4C53-BFFC-E66D34A074DE}.Release|Any CPU.Build.0 = Release|Any CPU
		{BF07DCB7-C85E-472A-9907-C7C07EBDE5D6}.Debug|Any CPU.ActiveCfg = Debug|Any CPU
		{BF07DCB7-C85E-472A-9907-C7C07EBDE5D6}.Debug|Any CPU.Build.0 = Debug|Any CPU
		{BF07DCB7-C85E-472A-9907-C7C07EBDE5D6}.Release|Any CPU.ActiveCfg = Release|Any CPU
		{BF07DCB7-C85E-472A-9907-C7C07EBDE5D6}.Release|Any CPU.Build.0 = Release|Any CPU
		{8ABE696D-EDCE-400C-9A0B-1F0FD6EB83D6}.Debug|Any CPU.ActiveCfg = Debug|Any CPU
		{8ABE696D-EDCE-400C-9A0B-1F0FD6EB83D6}.Debug|Any CPU.Build.0 = Debug|Any CPU
		{8ABE696D-EDCE-400C-9A0B-1F0FD6EB83D6}.Release|Any CPU.ActiveCfg = Release|Any CPU
		{8ABE696D-EDCE-400C-9A0B-1F0FD6EB83D6}.Release|Any CPU.Build.0 = Release|Any CPU
	EndGlobalSection
	GlobalSection(SolutionProperties) = preSolution
		HideSolutionNode = FALSE
	EndGlobalSection
	GlobalSection(ExtensibilityGlobals) = postSolution
		SolutionGuid = {5982D06B-1F2E-402B-8B80-E9DC11845197}
	EndGlobalSection
EndGlobal
